
Microsoft Visual Studio Solution File, Format Version 12.00
# Visual Studio Version 16
VisualStudioVersion = 16.0.31019.35
MinimumVisualStudioVersion = 10.0.40219.1
Project("{FAE04EC0-301F-11D3-BF4B-00C04F79EFBC}") = "homework5", "homework5.csproj", "{E30445DA-25F2-4506-9AE6-2B98A15F9120}"
EndProject
Global
	GlobalSection(SolutionConfigurationPlatforms) = preSolution
		Debug|Any CPU = Debug|Any CPU
		Release|Any CPU = Release|Any CPU
	EndGlobalSection
	GlobalSection(ProjectConfigurationPlatforms) = postSolution
		{E30445DA-25F2-4506-9AE6-2B98A15F9120}.Debug|Any CPU.ActiveCfg = Debug|Any CPU
		{E30445DA-25F2-4506-9AE6-2B98A15F9120}.Debug|Any CPU.Build.0 = Debug|Any CPU
		{E30445DA-25F2-4506-9AE6-2B98A15F9120}.Release|Any CPU.ActiveCfg = Release|Any CPU
		{E30445DA-25F2-4506-9AE6-2B98A15F9120}.Release|Any CPU.Build.0 = Release|Any CPU
	EndGlobalSection
	GlobalSection(SolutionProperties) = preSolution
		HideSolutionNode = FALSE
	EndGlobalSection
	GlobalSection(ExtensibilityGlobals) = postSolution
		SolutionGuid = {70EC7D2C-2F6F-4EC8-B018-9DC14C09A6DB}
	EndGlobalSection
EndGlobal
